// !$*UTF8*$!
{
	archiveVersion = 1;
	classes = {
	};
	objectVersion = 50;
	objects = {

/* Begin PBXBuildFile section */
		ACE25A2E2379AE53004AEBFB /* AppDelegate.swift in Sources */ = {isa = PBXBuildFile; fileRef = ACE25A2D2379AE53004AEBFB /* AppDelegate.swift */; };
		ACE25A302379AE53004AEBFB /* SceneDelegate.swift in Sources */ = {isa = PBXBuildFile; fileRef = ACE25A2F2379AE53004AEBFB /* SceneDelegate.swift */; };
		ACE25A322379AE53004AEBFB /* ViewController.swift in Sources */ = {isa = PBXBuildFile; fileRef = ACE25A312379AE53004AEBFB /* ViewController.swift */; };
		ACE25A352379AE53004AEBFB /* Main.storyboard in Resources */ = {isa = PBXBuildFile; fileRef = ACE25A332379AE53004AEBFB /* Main.storyboard */; };
		ACE25A372379AE53004AEBFB /* Assets.xcassets in Resources */ = {isa = PBXBuildFile; fileRef = ACE25A362379AE53004AEBFB /* Assets.xcassets */; };
		ACE25A3A2379AE53004AEBFB /* LaunchScreen.storyboard in Resources */ = {isa = PBXBuildFile; fileRef = ACE25A382379AE53004AEBFB /* LaunchScreen.storyboard */; };
		ACE25A452379AE54004AEBFB /* Test2Tests.swift in Sources */ = {isa = PBXBuildFile; fileRef = ACE25A442379AE54004AEBFB /* Test2Tests.swift */; };
		ACE25A502379AE54004AEBFB /* Test2UITests.swift in Sources */ = {isa = PBXBuildFile; fileRef = ACE25A4F2379AE54004AEBFB /* Test2UITests.swift */; };
/* End PBXBuildFile section */

/* Begin PBXContainerItemProxy section */
		ACE25A412379AE54004AEBFB /* PBXContainerItemProxy */ = {
			isa = PBXContainerItemProxy;
			containerPortal = ACE25A222379AE53004AEBFB /* Project object */;
			proxyType = 1;
			remoteGlobalIDString = ACE25A292379AE53004AEBFB;
			remoteInfo = Test2;
		};
		ACE25A4C2379AE54004AEBFB /* PBXContainerItemProxy */ = {
			isa = PBXContainerItemProxy;
			containerPortal = ACE25A222379AE53004AEBFB /* Project object */;
			proxyType = 1;
			remoteGlobalIDString = ACE25A292379AE53004AEBFB;
			remoteInfo = Test2;
		};
/* End PBXContainerItemProxy section */

/* Begin PBXFileReference section */
		ACE25A2A2379AE53004AEBFB /* Test2.app */ = {isa = PBXFileReference; explicitFileType = wrapper.application; includeInIndex = 0; path = Test2.app; sourceTree = BUILT_PRODUCTS_DIR; };
		ACE25A2D2379AE53004AEBFB /* AppDelegate.swift */ = {isa = PBXFileReference; lastKnownFileType = sourcecode.swift; path = AppDelegate.swift; sourceTree = "<group>"; };
		ACE25A2F2379AE53004AEBFB /* SceneDelegate.swift */ = {isa = PBXFileReference; lastKnownFileType = sourcecode.swift; path = SceneDelegate.swift; sourceTree = "<group>"; };
		ACE25A312379AE53004AEBFB /* ViewController.swift */ = {isa = PBXFileReference; lastKnownFileType = sourcecode.swift; path = ViewController.swift; sourceTree = "<group>"; };
		ACE25A342379AE53004AEBFB /* Base */ = {isa = PBXFileReference; lastKnownFileType = file.storyboard; name = Base; path = Base.lproj/Main.storyboard; sourceTree = "<group>"; };
		ACE25A362379AE53004AEBFB /* Assets.xcassets */ = {isa = PBXFileReference; lastKnownFileType = folder.assetcatalog; path = Assets.xcassets; sourceTree = "<group>"; };
		ACE25A392379AE53004AEBFB /* Base */ = {isa = PBXFileReference; lastKnownFileType = file.storyboard; name = Base; path = Base.lproj/LaunchScreen.storyboard; sourceTree = "<group>"; };
		ACE25A3B2379AE53004AEBFB /* Info.plist */ = {isa = PBXFileReference; lastKnownFileType = text.plist.xml; path = Info.plist; sourceTree = "<group>"; };
		ACE25A402379AE54004AEBFB /* Test2Tests.xctest */ = {isa = PBXFileReference; explicitFileType = wrapper.cfbundle; includeInIndex = 0; path = Test2Tests.xctest; sourceTree = BUILT_PRODUCTS_DIR; };
		ACE25A442379AE54004AEBFB /* Test2Tests.swift */ = {isa = PBXFileReference; lastKnownFileType = sourcecode.swift; path = Test2Tests.swift; sourceTree = "<group>"; };
		ACE25A462379AE54004AEBFB /* Info.plist */ = {isa = PBXFileReference; lastKnownFileType = text.plist.xml; path = Info.plist; sourceTree = "<group>"; };
		ACE25A4B2379AE54004AEBFB /* Test2UITests.xctest */ = {isa = PBXFileReference; explicitFileType = wrapper.cfbundle; includeInIndex = 0; path = Test2UITests.xctest; sourceTree = BUILT_PRODUCTS_DIR; };
		ACE25A4F2379AE54004AEBFB /* Test2UITests.swift */ = {isa = PBXFileReference; lastKnownFileType = sourcecode.swift; path = Test2UITests.swift; sourceTree = "<group>"; };
		ACE25A512379AE54004AEBFB /* Info.plist */ = {isa = PBXFileReference; lastKnownFileType = text.plist.xml; path = Info.plist; sourceTree = "<group>"; };
/* End PBXFileReference section */

/* Begin PBXFrameworksBuildPhase section */
		ACE25A272379AE53004AEBFB /* Frameworks */ = {
			isa = PBXFrameworksBuildPhase;
			buildActionMask = 2147483647;
			files = (
			);
			runOnlyForDeploymentPostprocessing = 0;
		};
		ACE25A3D2379AE54004AEBFB /* Frameworks */ = {
			isa = PBXFrameworksBuildPhase;
			buildActionMask = 2147483647;
			files = (
			);
			runOnlyForDeploymentPostprocessing = 0;
		};
		ACE25A482379AE54004AEBFB /* Frameworks */ = {
			isa = PBXFrameworksBuildPhase;
			buildActionMask = 2147483647;
			files = (
			);
			runOnlyForDeploymentPostprocessing = 0;
		};
/* End PBXFrameworksBuildPhase section */

/* Begin PBXGroup section */
		ACE25A212379AE53004AEBFB = {
			isa = PBXGroup;
			children = (
				ACE25A2C2379AE53004AEBFB /* Test2 */,
				ACE25A432379AE54004AEBFB /* Test2Tests */,
				ACE25A4E2379AE54004AEBFB /* Test2UITests */,
				ACE25A2B2379AE53004AEBFB /* Products */,
			);
			sourceTree = "<group>";
		};
		ACE25A2B2379AE53004AEBFB /* Products */ = {
			isa = PBXGroup;
			children = (
				ACE25A2A2379AE53004AEBFB /* Test2.app */,
				ACE25A402379AE54004AEBFB /* Test2Tests.xctest */,
				ACE25A4B2379AE54004AEBFB /* Test2UITests.xctest */,
			);
			name = Products;
			sourceTree = "<group>";
		};
		ACE25A2C2379AE53004AEBFB /* Test2 */ = {
			isa = PBXGroup;
			children = (
				ACE25A2D2379AE53004AEBFB /* AppDelegate.swift */,
				ACE25A2F2379AE53004AEBFB /* SceneDelegate.swift */,
				ACE25A312379AE53004AEBFB /* ViewController.swift */,
				ACE25A332379AE53004AEBFB /* Main.storyboard */,
				ACE25A362379AE53004AEBFB /* Assets.xcassets */,
				ACE25A382379AE53004AEBFB /* LaunchScreen.storyboard */,
				ACE25A3B2379AE53004AEBFB /* Info.plist */,
			);
			path = Test2;
			sourceTree = "<group>";
		};
		ACE25A432379AE54004AEBFB /* Test2Tests */ = {
			isa = PBXGroup;
			children = (
				ACE25A442379AE54004AEBFB /* Test2Tests.swift */,
				ACE25A462379AE54004AEBFB /* Info.plist */,
			);
			path = Test2Tests;
			sourceTree = "<group>";
		};
		ACE25A4E2379AE54004AEBFB /* Test2UITests */ = {
			isa = PBXGroup;
			children = (
				ACE25A4F2379AE54004AEBFB /* Test2UITests.swift */,
				ACE25A512379AE54004AEBFB /* Info.plist */,
			);
			path = Test2UITests;
			sourceTree = "<group>";
		};
/* End PBXGroup section */

/* Begin PBXNativeTarget section */
		ACE25A292379AE53004AEBFB /* Test2 */ = {
			isa = PBXNativeTarget;
			buildConfigurationList = ACE25A542379AE54004AEBFB /* Build configuration list for PBXNativeTarget "Test2" */;
			buildPhases = (
				ACE25A262379AE53004AEBFB /* Sources */,
				ACE25A272379AE53004AEBFB /* Frameworks */,
				ACE25A282379AE53004AEBFB /* Resources */,
			);
			buildRules = (
			);
			dependencies = (
			);
			name = Test2;
			productName = Test2;
			productReference = ACE25A2A2379AE53004AEBFB /* Test2.app */;
			productType = "com.apple.product-type.application";
		};
		ACE25A3F2379AE54004AEBFB /* Test2Tests */ = {
			isa = PBXNativeTarget;
			buildConfigurationList = ACE25A572379AE54004AEBFB /* Build configuration list for PBXNativeTarget "Test2Tests" */;
			buildPhases = (
				ACE25A3C2379AE54004AEBFB /* Sources */,
				ACE25A3D2379AE54004AEBFB /* Frameworks */,
				ACE25A3E2379AE54004AEBFB /* Resources */,
			);
			buildRules = (
			);
			dependencies = (
				ACE25A422379AE54004AEBFB /* PBXTargetDependency */,
			);
			name = Test2Tests;
			productName = Test2Tests;
			productReference = ACE25A402379AE54004AEBFB /* Test2Tests.xctest */;
			productType = "com.apple.product-type.bundle.unit-test";
		};
		ACE25A4A2379AE54004AEBFB /* Test2UITests */ = {
			isa = PBXNativeTarget;
			buildConfigurationList = ACE25A5A2379AE54004AEBFB /* Build configuration list for PBXNativeTarget "Test2UITests" */;
			buildPhases = (
				ACE25A472379AE54004AEBFB /* Sources */,
				ACE25A482379AE54004AEBFB /* Frameworks */,
				ACE25A492379AE54004AEBFB /* Resources */,
			);
			buildRules = (
			);
			dependencies = (
				ACE25A4D2379AE54004AEBFB /* PBXTargetDependency */,
			);
			name = Test2UITests;
			productName = Test2UITests;
			productReference = ACE25A4B2379AE54004AEBFB /* Test2UITests.xctest */;
			productType = "com.apple.product-type.bundle.ui-testing";
		};
/* End PBXNativeTarget section */

/* Begin PBXProject section */
		ACE25A222379AE53004AEBFB /* Project object */ = {
			isa = PBXProject;
			attributes = {
				LastSwiftUpdateCheck = 1110;
				LastUpgradeCheck = 1110;
				ORGANIZATIONNAME = "Guest User";
				TargetAttributes = {
					ACE25A292379AE53004AEBFB = {
						CreatedOnToolsVersion = 11.1;
					};
					ACE25A3F2379AE54004AEBFB = {
						CreatedOnToolsVersion = 11.1;
						TestTargetID = ACE25A292379AE53004AEBFB;
					};
					ACE25A4A2379AE54004AEBFB = {
						CreatedOnToolsVersion = 11.1;
						TestTargetID = ACE25A292379AE53004AEBFB;
					};
				};
			};
			buildConfigurationList = ACE25A252379AE53004AEBFB /* Build configuration list for PBXProject "Test2" */;
			compatibilityVersion = "Xcode 9.3";
			developmentRegion = en;
			hasScannedForEncodings = 0;
			knownRegions = (
				en,
				Base,
			);
			mainGroup = ACE25A212379AE53004AEBFB;
			productRefGroup = ACE25A2B2379AE53004AEBFB /* Products */;
			projectDirPath = "";
			projectRoot = "";
			targets = (
				ACE25A292379AE53004AEBFB /* Test2 */,
				ACE25A3F2379AE54004AEBFB /* Test2Tests */,
				ACE25A4A2379AE54004AEBFB /* Test2UITests */,
			);
		};
/* End PBXProject section */

/* Begin PBXResourcesBuildPhase section */
		ACE25A282379AE53004AEBFB /* Resources */ = {
			isa = PBXResourcesBuildPhase;
			buildActionMask = 2147483647;
			files = (
				ACE25A3A2379AE53004AEBFB /* LaunchScreen.storyboard in Resources */,
				ACE25A372379AE53004AEBFB /* Assets.xcassets in Resources */,
				ACE25A352379AE53004AEBFB /* Main.storyboard in Resources */,
			);
			runOnlyForDeploymentPostprocessing = 0;
		};
		ACE25A3E2379AE54004AEBFB /* Resources */ = {
			isa = PBXResourcesBuildPhase;
			buildActionMask = 2147483647;
			files = (
			);
			runOnlyForDeploymentPostprocessing = 0;
		};
		ACE25A492379AE54004AEBFB /* Resources */ = {
			isa = PBXResourcesBuildPhase;
			buildActionMask = 2147483647;
			files = (
			);
			runOnlyForDeploymentPostprocessing = 0;
		};
/* End PBXResourcesBuildPhase section */

/* Begin PBXSourcesBuildPhase section */
		ACE25A262379AE53004AEBFB /* Sources */ = {
			isa = PBXSourcesBuildPhase;
			buildActionMask = 2147483647;
			files = (
				ACE25A322379AE53004AEBFB /* ViewController.swift in Sources */,
				ACE25A2E2379AE53004AEBFB /* AppDelegate.swift in Sources */,
				ACE25A302379AE53004AEBFB /* SceneDelegate.swift in Sources */,
			);
			runOnlyForDeploymentPostprocessing = 0;
		};
		ACE25A3C2379AE54004AEBFB /* Sources */ = {
			isa = PBXSourcesBuildPhase;
			buildActionMask = 2147483647;
			files = (
				ACE25A452379AE54004AEBFB /* Test2Tests.swift in Sources */,
			);
			runOnlyForDeploymentPostprocessing = 0;
		};
		ACE25A472379AE54004AEBFB /* Sources */ = {
			isa = PBXSourcesBuildPhase;
			buildActionMask = 2147483647;
			files = (
				ACE25A502379AE54004AEBFB /* Test2UITests.swift in Sources */,
			);
			runOnlyForDeploymentPostprocessing = 0;
		};
/* End PBXSourcesBuildPhase section */

/* Begin PBXTargetDependency section */
		ACE25A422379AE54004AEBFB /* PBXTargetDependency */ = {
			isa = PBXTargetDependency;
			target = ACE25A292379AE53004AEBFB /* Test2 */;
			targetProxy = ACE25A412379AE54004AEBFB /* PBXContainerItemProxy */;
		};
		ACE25A4D2379AE54004AEBFB /* PBXTargetDependency */ = {
			isa = PBXTargetDependency;
			target = ACE25A292379AE53004AEBFB /* Test2 */;
			targetProxy = ACE25A4C2379AE54004AEBFB /* PBXContainerItemProxy */;
		};
/* End PBXTargetDependency section */

/* Begin PBXVariantGroup section */
		ACE25A332379AE53004AEBFB /* Main.storyboard */ = {
			isa = PBXVariantGroup;
			children = (
				ACE25A342379AE53004AEBFB /* Base */,
			);
			name = Main.storyboard;
			sourceTree = "<group>";
		};
		ACE25A382379AE53004AEBFB /* LaunchScreen.storyboard */ = {
			isa = PBXVariantGroup;
			children = (
				ACE25A392379AE53004AEBFB /* Base */,
			);
			name = LaunchScreen.storyboard;
			sourceTree = "<group>";
		};
/* End PBXVariantGroup section */

/* Begin XCBuildConfiguration section */
		ACE25A522379AE54004AEBFB /* Debug */ = {
			isa = XCBuildConfiguration;
			buildSettings = {
				ALWAYS_SEARCH_USER_PATHS = NO;
				CLANG_ANALYZER_NONNULL = YES;
				CLANG_ANALYZER_NUMBER_OBJECT_CONVERSION = YES_AGGRESSIVE;
				CLANG_CXX_LANGUAGE_STANDARD = "gnu++14";
				CLANG_CXX_LIBRARY = "libc++";
				CLANG_ENABLE_MODULES = YES;
				CLANG_ENABLE_OBJC_ARC = YES;
				CLANG_ENABLE_OBJC_WEAK = YES;
				CLANG_WARN_BLOCK_CAPTURE_AUTORELEASING = YES;
				CLANG_WARN_BOOL_CONVERSION = YES;
				CLANG_WARN_COMMA = YES;
				CLANG_WARN_CONSTANT_CONVERSION = YES;
				CLANG_WARN_DEPRECATED_OBJC_IMPLEMENTATIONS = YES;
				CLANG_WARN_DIRECT_OBJC_ISA_USAGE = YES_ERROR;
				CLANG_WARN_DOCUMENTATION_COMMENTS = YES;
				CLANG_WARN_EMPTY_BODY = YES;
				CLANG_WARN_ENUM_CONVERSION = YES;
				CLANG_WARN_INFINITE_RECURSION = YES;
				CLANG_WARN_INT_CONVERSION = YES;
				CLANG_WARN_NON_LITERAL_NULL_CONVERSION = YES;
				CLANG_WARN_OBJC_IMPLICIT_RETAIN_SELF = YES;
				CLANG_WARN_OBJC_LITERAL_CONVERSION = YES;
				CLANG_WARN_OBJC_ROOT_CLASS = YES_ERROR;
				CLANG_WARN_RANGE_LOOP_ANALYSIS = YES;
				CLANG_WARN_STRICT_PROTOTYPES = YES;
				CLANG_WARN_SUSPICIOUS_MOVE = YES;
				CLANG_WARN_UNGUARDED_AVAILABILITY = YES_AGGRESSIVE;
				CLANG_WARN_UNREACHABLE_CODE = YES;
				CLANG_WARN__DUPLICATE_METHOD_MATCH = YES;
				COPY_PHASE_STRIP = NO;
				DEBUG_INFORMATION_FORMAT = dwarf;
				ENABLE_STRICT_OBJC_MSGSEND = YES;
				ENABLE_TESTABILITY = YES;
				GCC_C_LANGUAGE_STANDARD = gnu11;
				GCC_DYNAMIC_NO_PIC = NO;
				GCC_NO_COMMON_BLOCKS = YES;
				GCC_OPTIMIZATION_LEVEL = 0;
				GCC_PREPROCESSOR_DEFINITIONS = (
					"DEBUG=1",
					"$(inherited)",
				);
				GCC_WARN_64_TO_32_BIT_CONVERSION = YES;
				GCC_WARN_ABOUT_RETURN_TYPE = YES_ERROR;
				GCC_WARN_UNDECLARED_SELECTOR = YES;
				GCC_WARN_UNINITIALIZED_AUTOS = YES_AGGRESSIVE;
				GCC_WARN_UNUSED_FUNCTION = YES;
				GCC_WARN_UNUSED_VARIABLE = YES;
				IPHONEOS_DEPLOYMENT_TARGET = 13.1;
				MTL_ENABLE_DEBUG_INFO = INCLUDE_SOURCE;
				MTL_FAST_MATH = YES;
				ONLY_ACTIVE_ARCH = YES;
				SDKROOT = iphoneos;
				SWIFT_ACTIVE_COMPILATION_CONDITIONS = DEBUG;
				SWIFT_OPTIMIZATION_LEVEL = "-Onone";
			};
			name = Debug;
		};
		ACE25A532379AE54004AEBFB /* Release */ = {
			isa = XCBuildConfiguration;
			buildSettings = {
				ALWAYS_SEARCH_USER_PATHS = NO;
				CLANG_ANALYZER_NONNULL = YES;
				CLANG_ANALYZER_NUMBER_OBJECT_CONVERSION = YES_AGGRESSIVE;
				CLANG_CXX_LANGUAGE_STANDARD = "gnu++14";
				CLANG_CXX_LIBRARY = "libc++";
				CLANG_ENABLE_MODULES = YES;
				CLANG_ENABLE_OBJC_ARC = YES;
				CLANG_ENABLE_OBJC_WEAK = YES;
				CLANG_WARN_BLOCK_CAPTURE_AUTORELEASING = YES;
				CLANG_WARN_BOOL_CONVERSION = YES;
				CLANG_WARN_COMMA = YES;
				CLANG_WARN_CONSTANT_CONVERSION = YES;
				CLANG_WARN_DEPRECATED_OBJC_IMPLEMENTATIONS = YES;
				CLANG_WARN_DIRECT_OBJC_ISA_USAGE = YES_ERROR;
				CLANG_WARN_DOCUMENTATION_COMMENTS = YES;
				CLANG_WARN_EMPTY_BODY = YES;
				CLANG_WARN_ENUM_CONVERSION = YES;
				CLANG_WARN_INFINITE_RECURSION = YES;
				CLANG_WARN_INT_CONVERSION = YES;
				CLANG_WARN_NON_LITERAL_NULL_CONVERSION = YES;
				CLANG_WARN_OBJC_IMPLICIT_RETAIN_SELF = YES;
				CLANG_WARN_OBJC_LITERAL_CONVERSION = YES;
				CLANG_WARN_OBJC_ROOT_CLASS = YES_ERROR;
				CLANG_WARN_RANGE_LOOP_ANALYSIS = YES;
				CLANG_WARN_STRICT_PROTOTYPES = YES;
				CLANG_WARN_SUSPICIOUS_MOVE = YES;
				CLANG_WARN_UNGUARDED_AVAILABILITY = YES_AGGRESSIVE;
				CLANG_WARN_UNREACHABLE_CODE = YES;
				CLANG_WARN__DUPLICATE_METHOD_MATCH = YES;
				COPY_PHASE_STRIP = NO;
				DEBUG_INFORMATION_FORMAT = "dwarf-with-dsym";
				ENABLE_NS_ASSERTIONS = NO;
				ENABLE_STRICT_OBJC_MSGSEND = YES;
				GCC_C_LANGUAGE_STANDARD = gnu11;
				GCC_NO_COMMON_BLOCKS = YES;
				GCC_WARN_64_TO_32_BIT_CONVERSION = YES;
				GCC_WARN_ABOUT_RETURN_TYPE = YES_ERROR;
				GCC_WARN_UNDECLARED_SELECTOR = YES;
				GCC_WARN_UNINITIALIZED_AUTOS = YES_AGGRESSIVE;
				GCC_WARN_UNUSED_FUNCTION = YES;
				GCC_WARN_UNUSED_VARIABLE = YES;
				IPHONEOS_DEPLOYMENT_TARGET = 13.1;
				MTL_ENABLE_DEBUG_INFO = NO;
				MTL_FAST_MATH = YES;
				SDKROOT = iphoneos;
				SWIFT_COMPILATION_MODE = wholemodule;
				SWIFT_OPTIMIZATION_LEVEL = "-O";
				VALIDATE_PRODUCT = YES;
			};
			name = Release;
		};
		ACE25A552379AE54004AEBFB /* Debug */ = {
			isa = XCBuildConfiguration;
			buildSettings = {
				ASSETCATALOG_COMPILER_APPICON_NAME = AppIcon;
				CODE_SIGN_STYLE = Automatic;
				INFOPLIST_FILE = Test2/Info.plist;
				LD_RUNPATH_SEARCH_PATHS = (
					"$(inherited)",
					"@executable_path/Frameworks",
				);
				PRODUCT_BUNDLE_IDENTIFIER = RWTH.Test2;
				PRODUCT_NAME = "$(TARGET_NAME)";
				SWIFT_VERSION = 5.0;
				TARGETED_DEVICE_FAMILY = "1,2";
			};
			name = Debug;
		};
		ACE25A562379AE54004AEBFB /* Release */ = {
			isa = XCBuildConfiguration;
			buildSettings = {
				ASSETCATALOG_COMPILER_APPICON_NAME = AppIcon;
				CODE_SIGN_STYLE = Automatic;
				INFOPLIST_FILE = Test2/Info.plist;
				LD_RUNPATH_SEARCH_PATHS = (
					"$(inherited)",
					"@executable_path/Frameworks",
				);
				PRODUCT_BUNDLE_IDENTIFIER = RWTH.Test2;
				PRODUCT_NAME = "$(TARGET_NAME)";
				SWIFT_VERSION = 5.0;
				TARGETED_DEVICE_FAMILY = "1,2";
			};
			name = Release;
		};
		ACE25A582379AE54004AEBFB /* Debug */ = {
			isa = XCBuildConfiguration;
			buildSettings = {
				ALWAYS_EMBED_SWIFT_STANDARD_LIBRARIES = YES;
				BUNDLE_LOADER = "$(TEST_HOST)";
				CODE_SIGN_STYLE = Automatic;
				INFOPLIST_FILE = Test2Tests/Info.plist;
				IPHONEOS_DEPLOYMENT_TARGET = 13.1;
				LD_RUNPATH_SEARCH_PATHS = (
					"$(inherited)",
					"@executable_path/Frameworks",
					"@loader_path/Frameworks",
				);
				PRODUCT_BUNDLE_IDENTIFIER = RWTH.Test2Tests;
				PRODUCT_NAME = "$(TARGET_NAME)";
				SWIFT_VERSION = 5.0;
				TARGETED_DEVICE_FAMILY = "1,2";
				TEST_HOST = "$(BUILT_PRODUCTS_DIR)/Test2.app/Test2";
			};
			name = Debug;
		};
		ACE25A592379AE54004AEBFB /* Release */ = {
			isa = XCBuildConfiguration;
			buildSettings = {
				ALWAYS_EMBED_SWIFT_STANDARD_LIBRARIES = YES;
				BUNDLE_LOADER = "$(TEST_HOST)";
				CODE_SIGN_STYLE = Automatic;
				INFOPLIST_FILE = Test2Tests/Info.plist;
				IPHONEOS_DEPLOYMENT_TARGET = 13.1;
				LD_RUNPATH_SEARCH_PATHS = (
					"$(inherited)",
					"@executable_path/Frameworks",
					"@loader_path/Frameworks",
				);
				PRODUCT_BUNDLE_IDENTIFIER = RWTH.Test2Tests;
				PRODUCT_NAME = "$(TARGET_NAME)";
				SWIFT_VERSION = 5.0;
				TARGETED_DEVICE_FAMILY = "1,2";
				TEST_HOST = "$(BUILT_PRODUCTS_DIR)/Test2.app/Test2";
			};
			name = Release;
		};
		ACE25A5B2379AE54004AEBFB /* Debug */ = {
			isa = XCBuildConfiguration;
			buildSettings = {
				ALWAYS_EMBED_SWIFT_STANDARD_LIBRARIES = YES;
				CODE_SIGN_STYLE = Automatic;
				INFOPLIST_FILE = Test2UITests/Info.plist;
				LD_RUNPATH_SEARCH_PATHS = (
					"$(inherited)",
					"@executable_path/Frameworks",
					"@loader_path/Frameworks",
				);
				PRODUCT_BUNDLE_IDENTIFIER = RWTH.Test2UITests;
				PRODUCT_NAME = "$(TARGET_NAME)";
				SWIFT_VERSION = 5.0;
				TARGETED_DEVICE_FAMILY = "1,2";
				TEST_TARGET_NAME = Test2;
			};
			name = Debug;
		};
		ACE25A5C2379AE54004AEBFB /* Release */ = {
			isa = XCBuildConfiguration;
			buildSettings = {
				ALWAYS_EMBED_SWIFT_STANDARD_LIBRARIES = YES;
				CODE_SIGN_STYLE = Automatic;
				INFOPLIST_FILE = Test2UITests/Info.plist;
				LD_RUNPATH_SEARCH_PATHS = (
					"$(inherited)",
					"@executable_path/Frameworks",
					"@loader_path/Frameworks",
				);
				PRODUCT_BUNDLE_IDENTIFIER = RWTH.Test2UITests;
				PRODUCT_NAME = "$(TARGET_NAME)";
				SWIFT_VERSION = 5.0;
				TARGETED_DEVICE_FAMILY = "1,2";
				TEST_TARGET_NAME = Test2;
			};
			name = Release;
		};
/* End XCBuildConfiguration section */

/* Begin XCConfigurationList section */
		ACE25A252379AE53004AEBFB /* Build configuration list for PBXProject "Test2" */ = {
			isa = XCConfigurationList;
			buildConfigurations = (
				ACE25A522379AE54004AEBFB /* Debug */,
				ACE25A532379AE54004AEBFB /* Release */,
			);
			defaultConfigurationIsVisible = 0;
			defaultConfigurationName = Release;
		};
		ACE25A542379AE54004AEBFB /* Build configuration list for PBXNativeTarget "Test2" */ = {
			isa = XCConfigurationList;
			buildConfigurations = (
				ACE25A552379AE54004AEBFB /* Debug */,
				ACE25A562379AE54004AEBFB /* Release */,
			);
			defaultConfigurationIsVisible = 0;
			defaultConfigurationName = Release;
		};
		ACE25A572379AE54004AEBFB /* Build configuration list for PBXNativeTarget "Test2Tests" */ = {
			isa = XCConfigurationList;
			buildConfigurations = (
				ACE25A582379AE54004AEBFB /* Debug */,
				ACE25A592379AE54004AEBFB /* Release */,
			);
			defaultConfigurationIsVisible = 0;
			defaultConfigurationName = Release;
		};
		ACE25A5A2379AE54004AEBFB /* Build configuration list for PBXNativeTarget "Test2UITests" */ = {
			isa = XCConfigurationList;
			buildConfigurations = (
				ACE25A5B2379AE54004AEBFB /* Debug */,
				ACE25A5C2379AE54004AEBFB /* Release */,
			);
			defaultConfigurationIsVisible = 0;
			defaultConfigurationName = Release;
		};
/* End XCConfigurationList section */
	};
	rootObject = ACE25A222379AE53004AEBFB /* Project object */;
}
